
Microsoft Visual Studio Solution File, Format Version 12.00
# Visual Studio Version 17
VisualStudioVersion = 17.6.33723.286
MinimumVisualStudioVersion = 10.0.40219.1
Project("{9A19103F-16F7-4668-BE54-9A1E7A4F7556}") = "Model", "Model\Model.csproj", "{AB3D79D5-339C-4E2E-A834-4C75B83B503C}"
EndProject
Project("{9A19103F-16F7-4668-BE54-9A1E7A4F7556}") = "ViewModel", "ViewModel\ViewModel.csproj", "{1756628F-140C-4CBE-BF65-690FE00BF127}"
EndProject
Project("{9A19103F-16F7-4668-BE54-9A1E7A4F7556}") = "TryAll", "TryAll\TryAll.csproj", "{F616015D-E5FE-49F2-BCAF-46D43412B5AD}"
EndProject
Project("{9A19103F-16F7-4668-BE54-9A1E7A4F7556}") = "LibraryApi", "LibraryApi\LibraryApi.csproj", "{BEC52F2C-998B-4C6E-836B-BED9409F9C53}"
EndProject
Project("{9A19103F-16F7-4668-BE54-9A1E7A4F7556}") = "ApiLibraryService", "ApiLibraryService\ApiLibraryService.csproj", "{11FE63F4-CFC3-4F63-9225-BEAE48E957D6}"
EndProject
Global
	GlobalSection(SolutionConfigurationPlatforms) = preSolution
		Debug|Any CPU = Debug|Any CPU
		Debug|x64 = Debug|x64
		Release|Any CPU = Release|Any CPU
		Release|x64 = Release|x64
	EndGlobalSection
	GlobalSection(ProjectConfigurationPlatforms) = postSolution
		{AB3D79D5-339C-4E2E-A834-4C75B83B503C}.Debug|Any CPU.ActiveCfg = Debug|Any CPU
		{AB3D79D5-339C-4E2E-A834-4C75B83B503C}.Debug|Any CPU.Build.0 = Debug|Any CPU
		{AB3D79D5-339C-4E2E-A834-4C75B83B503C}.Debug|x64.ActiveCfg = Debug|x64
		{AB3D79D5-339C-4E2E-A834-4C75B83B503C}.Debug|x64.Build.0 = Debug|x64
		{AB3D79D5-339C-4E2E-A834-4C75B83B503C}.Release|Any CPU.ActiveCfg = Release|Any CPU
		{AB3D79D5-339C-4E2E-A834-4C75B83B503C}.Release|Any CPU.Build.0 = Release|Any CPU
		{AB3D79D5-339C-4E2E-A834-4C75B83B503C}.Release|x64.ActiveCfg = Release|x64
		{AB3D79D5-339C-4E2E-A834-4C75B83B503C}.Release|x64.Build.0 = Release|x64
		{1756628F-140C-4CBE-BF65-690FE00BF127}.Debug|Any CPU.ActiveCfg = Debug|Any CPU
		{1756628F-140C-4CBE-BF65-690FE00BF127}.Debug|Any CPU.Build.0 = Debug|Any CPU
		{1756628F-140C-4CBE-BF65-690FE00BF127}.Debug|x64.ActiveCfg = Debug|x64
		{1756628F-140C-4CBE-BF65-690FE00BF127}.Debug|x64.Build.0 = Debug|x64
		{1756628F-140C-4CBE-BF65-690FE00BF127}.Release|Any CPU.ActiveCfg = Release|Any CPU
		{1756628F-140C-4CBE-BF65-690FE00BF127}.Release|Any CPU.Build.0 = Release|Any CPU
		{1756628F-140C-4CBE-BF65-690FE00BF127}.Release|x64.ActiveCfg = Release|x64
		{1756628F-140C-4CBE-BF65-690FE00BF127}.Release|x64.Build.0 = Release|x64
		{F616015D-E5FE-49F2-BCAF-46D43412B5AD}.Debug|Any CPU.ActiveCfg = Debug|Any CPU
		{F616015D-E5FE-49F2-BCAF-46D43412B5AD}.Debug|Any CPU.Build.0 = Debug|Any CPU
		{F616015D-E5FE-49F2-BCAF-46D43412B5AD}.Debug|x64.ActiveCfg = Debug|x64
		{F616015D-E5FE-49F2-BCAF-46D43412B5AD}.Debug|x64.Build.0 = Debug|x64
		{F616015D-E5FE-49F2-BCAF-46D43412B5AD}.Release|Any CPU.ActiveCfg = Release|Any CPU
		{F616015D-E5FE-49F2-BCAF-46D43412B5AD}.Release|Any CPU.Build.0 = Release|Any CPU
		{F616015D-E5FE-49F2-BCAF-46D43412B5AD}.Release|x64.ActiveCfg = Release|x64
		{F616015D-E5FE-49F2-BCAF-46D43412B5AD}.Release|x64.Build.0 = Release|x64
		{BEC52F2C-998B-4C6E-836B-BED9409F9C53}.Debug|Any CPU.ActiveCfg = Debug|Any CPU
		{BEC52F2C-998B-4C6E-836B-BED9409F9C53}.Debug|Any CPU.Build.0 = Debug|Any CPU
		{BEC52F2C-998B-4C6E-836B-BED9409F9C53}.Debug|x64.ActiveCfg = Debug|x64
		{BEC52F2C-998B-4C6E-836B-BED9409F9C53}.Debug|x64.Build.0 = Debug|x64
		{BEC52F2C-998B-4C6E-836B-BED9409F9C53}.Release|Any CPU.ActiveCfg = Release|Any CPU
		{BEC52F2C-998B-4C6E-836B-BED9409F9C53}.Release|Any CPU.Build.0 = Release|Any CPU
		{BEC52F2C-998B-4C6E-836B-BED9409F9C53}.Release|x64.ActiveCfg = Release|x64
		{BEC52F2C-998B-4C6E-836B-BED9409F9C53}.Release|x64.Build.0 = Release|x64
		{11FE63F4-CFC3-4F63-9225-BEAE48E957D6}.Debug|Any CPU.ActiveCfg = Debug|Any CPU
		{11FE63F4-CFC3-4F63-9225-BEAE48E957D6}.Debug|Any CPU.Build.0 = Debug|Any CPU
		{11FE63F4-CFC3-4F63-9225-BEAE48E957D6}.Debug|x64.ActiveCfg = Debug|x64
		{11FE63F4-CFC3-4F63-9225-BEAE48E957D6}.Debug|x64.Build.0 = Debug|x64
		{11FE63F4-CFC3-4F63-9225-BEAE48E957D6}.Release|Any CPU.ActiveCfg = Release|Any CPU
		{11FE63F4-CFC3-4F63-9225-BEAE48E957D6}.Release|Any CPU.Build.0 = Release|Any CPU
		{11FE63F4-CFC3-4F63-9225-BEAE48E957D6}.Release|x64.ActiveCfg = Release|x64
		{11FE63F4-CFC3-4F63-9225-BEAE48E957D6}.Release|x64.Build.0 = Release|x64
	EndGlobalSection
	GlobalSection(SolutionProperties) = preSolution
		HideSolutionNode = FALSE
	EndGlobalSection
	GlobalSection(ExtensibilityGlobals) = postSolution
		SolutionGuid = {D3FC804F-977A-44CF-8067-91DE9D9F78E3}
	EndGlobalSection
EndGlobal
